
Microsoft Visual Studio Solution File, Format Version 12.00
Project("{FAE04EC0-301F-11D3-BF4B-00C04F79EFBC}") = "MagicBinder.Application", "MagicBinder.Application\MagicBinder.Application.csproj", "{26EAD31F-698D-4D8D-9C27-175F1E616E80}"
EndProject
Project("{FAE04EC0-301F-11D3-BF4B-00C04F79EFBC}") = "MagicBinder.WebApi", "MagicBinder.WebApi\MagicBinder.WebApi.csproj", "{4137E74C-05DC-490C-9FA4-AA892069B9DC}"
EndProject
Project("{2150E333-8FDC-42A3-9474-1A3956D46DE8}") = "SolutionFiles", "SolutionFiles", "{D041CD9B-80B6-4B96-9415-2485BBC1C81C}"
	ProjectSection(SolutionItems) = preProject
		.gitignore = .gitignore
		.travis.yml = .travis.yml
		README.md = README.md
	EndProjectSection
EndProject
Project("{FAE04EC0-301F-11D3-BF4B-00C04F79EFBC}") = "MagicBinder.Core", "MagicBinder.Core\MagicBinder.Core.csproj", "{AD34677D-D7C7-4EDC-AE36-1D8AB377C228}"
EndProject
Project("{FAE04EC0-301F-11D3-BF4B-00C04F79EFBC}") = "MagicBinder.Infrastructure", "MagicBinder.Infrastructure\MagicBinder.Infrastructure.csproj", "{4496483A-21B8-41A9-A4F0-72AD25247189}"
EndProject
Project("{FAE04EC0-301F-11D3-BF4B-00C04F79EFBC}") = "MagicBinder.Domain", "MagicBinder.Domain\MagicBinder.Domain.csproj", "{51213517-716E-4A30-A9C4-4F3211A229EF}"
EndProject
Project("{2150E333-8FDC-42A3-9474-1A3956D46DE8}") = "Tools", "Tools", "{B7834D13-D9BF-40A2-AEA0-1E1335967BDA}"
EndProject
Project("{FAE04EC0-301F-11D3-BF4B-00C04F79EFBC}") = "MagicBinder.CardsImporter", "MagicBinder.CardsImporter\MagicBinder.CardsImporter.csproj", "{7140DEA3-D03D-4867-A722-8813B044B83A}"
EndProject
Project("{FAE04EC0-301F-11D3-BF4B-00C04F79EFBC}") = "MagicBinder.WebUI", "MagicBinder.WebUI\MagicBinder.WebUI.csproj", "{9D53716D-E48F-478E-A235-D4D693DF7493}"
EndProject
Global
	GlobalSection(SolutionConfigurationPlatforms) = preSolution
		Debug|Any CPU = Debug|Any CPU
		Release|Any CPU = Release|Any CPU
	EndGlobalSection
	GlobalSection(ProjectConfigurationPlatforms) = postSolution
		{26EAD31F-698D-4D8D-9C27-175F1E616E80}.Debug|Any CPU.ActiveCfg = Debug|Any CPU
		{26EAD31F-698D-4D8D-9C27-175F1E616E80}.Debug|Any CPU.Build.0 = Debug|Any CPU
		{26EAD31F-698D-4D8D-9C27-175F1E616E80}.Release|Any CPU.ActiveCfg = Release|Any CPU
		{26EAD31F-698D-4D8D-9C27-175F1E616E80}.Release|Any CPU.Build.0 = Release|Any CPU
		{4137E74C-05DC-490C-9FA4-AA892069B9DC}.Debug|Any CPU.ActiveCfg = Debug|Any CPU
		{4137E74C-05DC-490C-9FA4-AA892069B9DC}.Debug|Any CPU.Build.0 = Debug|Any CPU
		{4137E74C-05DC-490C-9FA4-AA892069B9DC}.Release|Any CPU.ActiveCfg = Release|Any CPU
		{4137E74C-05DC-490C-9FA4-AA892069B9DC}.Release|Any CPU.Build.0 = Release|Any CPU
		{AD34677D-D7C7-4EDC-AE36-1D8AB377C228}.Debug|Any CPU.ActiveCfg = Debug|Any CPU
		{AD34677D-D7C7-4EDC-AE36-1D8AB377C228}.Debug|Any CPU.Build.0 = Debug|Any CPU
		{AD34677D-D7C7-4EDC-AE36-1D8AB377C228}.Release|Any CPU.ActiveCfg = Release|Any CPU
		{AD34677D-D7C7-4EDC-AE36-1D8AB377C228}.Release|Any CPU.Build.0 = Release|Any CPU
		{4496483A-21B8-41A9-A4F0-72AD25247189}.Debug|Any CPU.ActiveCfg = Debug|Any CPU
		{4496483A-21B8-41A9-A4F0-72AD25247189}.Debug|Any CPU.Build.0 = Debug|Any CPU
		{4496483A-21B8-41A9-A4F0-72AD25247189}.Release|Any CPU.ActiveCfg = Release|Any CPU
		{4496483A-21B8-41A9-A4F0-72AD25247189}.Release|Any CPU.Build.0 = Release|Any CPU
		{51213517-716E-4A30-A9C4-4F3211A229EF}.Debug|Any CPU.ActiveCfg = Debug|Any CPU
		{51213517-716E-4A30-A9C4-4F3211A229EF}.Debug|Any CPU.Build.0 = Debug|Any CPU
		{51213517-716E-4A30-A9C4-4F3211A229EF}.Release|Any CPU.ActiveCfg = Release|Any CPU
		{51213517-716E-4A30-A9C4-4F3211A229EF}.Release|Any CPU.Build.0 = Release|Any CPU
		{7140DEA3-D03D-4867-A722-8813B044B83A}.Debug|Any CPU.ActiveCfg = Debug|Any CPU
		{7140DEA3-D03D-4867-A722-8813B044B83A}.Debug|Any CPU.Build.0 = Debug|Any CPU
		{7140DEA3-D03D-4867-A722-8813B044B83A}.Release|Any CPU.ActiveCfg = Release|Any CPU
		{7140DEA3-D03D-4867-A722-8813B044B83A}.Release|Any CPU.Build.0 = Release|Any CPU
		{9D53716D-E48F-478E-A235-D4D693DF7493}.Debug|Any CPU.ActiveCfg = Debug|Any CPU
		{9D53716D-E48F-478E-A235-D4D693DF7493}.Debug|Any CPU.Build.0 = Debug|Any CPU
		{9D53716D-E48F-478E-A235-D4D693DF7493}.Release|Any CPU.ActiveCfg = Release|Any CPU
		{9D53716D-E48F-478E-A235-D4D693DF7493}.Release|Any CPU.Build.0 = Release|Any CPU
	EndGlobalSection
	GlobalSection(NestedProjects) = preSolution
		{7140DEA3-D03D-4867-A722-8813B044B83A} = {B7834D13-D9BF-40A2-AEA0-1E1335967BDA}
	EndGlobalSection
EndGlobal
